Microsoft Visual Studio Solution File, Format Version 12.00
# Visual Studio 15
VisualStudioVersion = 15.0.26403.3
MinimumVisualStudioVersion = 10.0.40219.1
Project("{FAE04EC0-301F-11D3-BF4B-00C04F79EFBC}") = "Medo_Framework_20", "Medo_Framework_20\Medo_Framework_20.csproj", "{C1E4B693-E5EE-4E24-9734-0346767DCE2C}"
EndProject
Project("{FAE04EC0-301F-11D3-BF4B-00C04F79EFBC}") = "Medo_Framework_40", "Medo_Framework_40\Medo_Framework_40.csproj", "{961279A9-0B9D-434D-9836-4F316A05ED7B}"
EndProject
Project("{FAE04EC0-301F-11D3-BF4B-00C04F79EFBC}") = "Medo_Framework_47", "Medo_Framework_47\Medo_Framework_47.csproj", "{4C58CA83-E0D1-4FAE-92FC-C062C13D7C28}"
EndProject
Project("{FAE04EC0-301F-11D3-BF4B-00C04F79EFBC}") = "Medo_Framework_Test", "Medo_Framework_Test\Medo_Framework_Test.csproj", "{1091D8E2-5CC3-4AAF-8E73-0271E302E1A0}"
EndProject
Global
	GlobalSection(SolutionConfigurationPlatforms) = preSolution
		Debug|Any CPU = Debug|Any CPU
		Release|Any CPU = Release|Any CPU
	EndGlobalSection
	GlobalSection(ProjectConfigurationPlatforms) = postSolution
		{C1E4B693-E5EE-4E24-9734-0346767DCE2C}.Debug|Any CPU.ActiveCfg = Debug|Any CPU
		{C1E4B693-E5EE-4E24-9734-0346767DCE2C}.Debug|Any CPU.Build.0 = Debug|Any CPU
		{C1E4B693-E5EE-4E24-9734-0346767DCE2C}.Release|Any CPU.ActiveCfg = Release|Any CPU
		{C1E4B693-E5EE-4E24-9734-0346767DCE2C}.Release|Any CPU.Build.0 = Release|Any CPU
		{961279A9-0B9D-434D-9836-4F316A05ED7B}.Debug|Any CPU.ActiveCfg = Debug|Any CPU
		{961279A9-0B9D-434D-9836-4F316A05ED7B}.Debug|Any CPU.Build.0 = Debug|Any CPU
		{961279A9-0B9D-434D-9836-4F316A05ED7B}.Release|Any CPU.ActiveCfg = Release|Any CPU
		{961279A9-0B9D-434D-9836-4F316A05ED7B}.Release|Any CPU.Build.0 = Release|Any CPU
		{4C58CA83-E0D1-4FAE-92FC-C062C13D7C28}.Debug|Any CPU.ActiveCfg = Debug|Any CPU
		{4C58CA83-E0D1-4FAE-92FC-C062C13D7C28}.Debug|Any CPU.Build.0 = Debug|Any CPU
		{4C58CA83-E0D1-4FAE-92FC-C062C13D7C28}.Release|Any CPU.ActiveCfg = Release|Any CPU
		{4C58CA83-E0D1-4FAE-92FC-C062C13D7C28}.Release|Any CPU.Build.0 = Release|Any CPU
		{1091D8E2-5CC3-4AAF-8E73-0271E302E1A0}.Debug|Any CPU.ActiveCfg = Debug|Any CPU
		{1091D8E2-5CC3-4AAF-8E73-0271E302E1A0}.Debug|Any CPU.Build.0 = Debug|Any CPU
		{1091D8E2-5CC3-4AAF-8E73-0271E302E1A0}.Release|Any CPU.ActiveCfg = Release|Any CPU
		{1091D8E2-5CC3-4AAF-8E73-0271E302E1A0}.Release|Any CPU.Build.0 = Release|Any CPU
	EndGlobalSection
	GlobalSection(SolutionProperties) = preSolution
		HideSolutionNode = FALSE
	EndGlobalSection
EndGlobal
