Microsoft Visual Studio Solution File, Format Version 12.00
# Visual Studio 15
VisualStudioVersion = 15.0.27004.2008
MinimumVisualStudioVersion = 10.0.40219.1
Project("{FAE04EC0-301F-11D3-BF4B-00C04F79EFBC}") = "Medo_Framework_40", "Medo_Framework_40\Medo_Framework_40.csproj", "{961279A9-0B9D-434D-9836-4F316A05ED7B}"
EndProject
Project("{FAE04EC0-301F-11D3-BF4B-00C04F79EFBC}") = "Medo_Framework_47", "Medo_Framework_47\Medo_Framework_47.csproj", "{4C58CA83-E0D1-4FAE-92FC-C062C13D7C28}"
EndProject
Project("{FAE04EC0-301F-11D3-BF4B-00C04F79EFBC}") = "Medo_Framework_Test", "Medo_Framework_Test\Medo_Framework_Test.csproj", "{1091D8E2-5CC3-4AAF-8E73-0271E302E1A0}"
EndProject
Global
	GlobalSection(SolutionConfigurationPlatforms) = preSolution
		Debug|Any CPU = Debug|Any CPU
		Release|Any CPU = Release|Any CPU
	EndGlobalSection
	GlobalSection(ProjectConfigurationPlatforms) = postSolution
		{961279A9-0B9D-434D-9836-4F316A05ED7B}.Debug|Any CPU.ActiveCfg = Debug|Any CPU
		{961279A9-0B9D-434D-9836-4F316A05ED7B}.Debug|Any CPU.Build.0 = Debug|Any CPU
		{961279A9-0B9D-434D-9836-4F316A05ED7B}.Release|Any CPU.ActiveCfg = Release|Any CPU
		{961279A9-0B9D-434D-9836-4F316A05ED7B}.Release|Any CPU.Build.0 = Release|Any CPU
		{4C58CA83-E0D1-4FAE-92FC-C062C13D7C28}.Debug|Any CPU.ActiveCfg = Debug|Any CPU
		{4C58CA83-E0D1-4FAE-92FC-C062C13D7C28}.Debug|Any CPU.Build.0 = Debug|Any CPU
		{4C58CA83-E0D1-4FAE-92FC-C062C13D7C28}.Release|Any CPU.ActiveCfg = Release|Any CPU
		{4C58CA83-E0D1-4FAE-92FC-C062C13D7C28}.Release|Any CPU.Build.0 = Release|Any CPU
		{1091D8E2-5CC3-4AAF-8E73-0271E302E1A0}.Debug|Any CPU.ActiveCfg = Debug|Any CPU
		{1091D8E2-5CC3-4AAF-8E73-0271E302E1A0}.Debug|Any CPU.Build.0 = Debug|Any CPU
		{1091D8E2-5CC3-4AAF-8E73-0271E302E1A0}.Release|Any CPU.ActiveCfg = Release|Any CPU
		{1091D8E2-5CC3-4AAF-8E73-0271E302E1A0}.Release|Any CPU.Build.0 = Release|Any CPU
	EndGlobalSection
	GlobalSection(SolutionProperties) = preSolution
		HideSolutionNode = FALSE
	EndGlobalSection
	GlobalSection(ExtensibilityGlobals) = postSolution
		SolutionGuid = {481D6A02-1AB7-43A6-9C7F-3228D658E031}
	EndGlobalSection
EndGlobal
